// !$*UTF8*$!
{
	archiveVersion = 1;
	classes = {
	};
	objectVersion = 50;
	objects = {

/* Begin PBXBuildFile section */
		AA13B6DC2572127E006FD219 /* HomeSheetController.swift in Sources */ = {isa = PBXBuildFile; fileRef = AA13B6DB2572127E006FD219 /* HomeSheetController.swift */; };
		AA13B6E4257229F2006FD219 /* SheetContentView.swift in Sources */ = {isa = PBXBuildFile; fileRef = AA13B6E3257229F2006FD219 /* SheetContentView.swift */; };
		AA13B6E925722A8A006FD219 /* SheetHeaderView.swift in Sources */ = {isa = PBXBuildFile; fileRef = AA13B6E825722A8A006FD219 /* SheetHeaderView.swift */; };
		AA13B6FC2572571F006FD219 /* ApiProvider.swift in Sources */ = {isa = PBXBuildFile; fileRef = AA13B6FB2572571F006FD219 /* ApiProvider.swift */; };
		AA13B7282573447C006FD219 /* BusStopSheetController.swift in Sources */ = {isa = PBXBuildFile; fileRef = AA13B7272573447C006FD219 /* BusStopSheetController.swift */; };
		AA13B72D2573469B006FD219 /* BusServiceSheetController.swift in Sources */ = {isa = PBXBuildFile; fileRef = AA13B72C2573469B006FD219 /* BusServiceSheetController.swift */; };
		AA13B732257346D6006FD219 /* BusServiceMapper.swift in Sources */ = {isa = PBXBuildFile; fileRef = AA13B731257346D6006FD219 /* BusServiceMapper.swift */; };
		AA13B737257346E4006FD219 /* BusStopMapper.swift in Sources */ = {isa = PBXBuildFile; fileRef = AA13B736257346E4006FD219 /* BusStopMapper.swift */; };
		AA13B73F257369B9006FD219 /* URL.swift in Sources */ = {isa = PBXBuildFile; fileRef = AA13B73E257369B9006FD219 /* URL.swift */; };
		AA337D6B2577CECE001453D0 /* BusApiMapper.swift in Sources */ = {isa = PBXBuildFile; fileRef = AA337D6A2577CECE001453D0 /* BusApiMapper.swift */; };
		AA45B6482578BD3D00EBCCE1 /* LocationProvider.swift in Sources */ = {isa = PBXBuildFile; fileRef = AA45B6472578BD3D00EBCCE1 /* LocationProvider.swift */; };
		AA4C6E2B256A541D00DDD32F /* UIViewController.swift in Sources */ = {isa = PBXBuildFile; fileRef = AA4C6E2A256A541D00DDD32F /* UIViewController.swift */; };
		AA6E97BB257FA5F4004D585A /* EventProvider.swift in Sources */ = {isa = PBXBuildFile; fileRef = AA6E97BA257FA5F4004D585A /* EventProvider.swift */; };
		AA7F4CC2257A81B200A4DD14 /* BusStopTableViewCell.swift in Sources */ = {isa = PBXBuildFile; fileRef = AA7F4CC1257A81B200A4DD14 /* BusStopTableViewCell.swift */; };
		AA7F4CC7257A9D0900A4DD14 /* BusStopAnnotation.swift in Sources */ = {isa = PBXBuildFile; fileRef = AA7F4CC6257A9D0900A4DD14 /* BusStopAnnotation.swift */; };
		AA808A8725793DA90060547F /* BusRouteMapper.swift in Sources */ = {isa = PBXBuildFile; fileRef = AA808A8625793DA90060547F /* BusRouteMapper.swift */; };
		AA87B999257F8816002F322D /* LaunchViewController.swift in Sources */ = {isa = PBXBuildFile; fileRef = AA87B998257F8816002F322D /* LaunchViewController.swift */; };
		AA8D078D257B8E6C00BF3E3B /* CLLocationCoordinate2D.swift in Sources */ = {isa = PBXBuildFile; fileRef = AA8D078C257B8E6C00BF3E3B /* CLLocationCoordinate2D.swift */; };
		AA8D0795257BDA2800BF3E3B /* MKMapView.swift in Sources */ = {isa = PBXBuildFile; fileRef = AA8D0794257BDA2800BF3E3B /* MKMapView.swift */; };
		AA908429257A4012000A9D2B /* BusService+CoreDataClass.swift in Sources */ = {isa = PBXBuildFile; fileRef = AA908423257A4012000A9D2B /* BusService+CoreDataClass.swift */; };
		AA90842B257A4012000A9D2B /* BusRoute+CoreDataClass.swift in Sources */ = {isa = PBXBuildFile; fileRef = AA908425257A4012000A9D2B /* BusRoute+CoreDataClass.swift */; };
		AA90842D257A4012000A9D2B /* BusStop+CoreDataClass.swift in Sources */ = {isa = PBXBuildFile; fileRef = AA908427257A4012000A9D2B /* BusStop+CoreDataClass.swift */; };
		AA91D0DC25763BCA003FAE6E /* FillView.swift in Sources */ = {isa = PBXBuildFile; fileRef = AA91D0DB25763BCA003FAE6E /* FillView.swift */; };
		AA91D0F72576416C003FAE6E /* BusServiceTableViewCell.swift in Sources */ = {isa = PBXBuildFile; fileRef = AA91D0F62576416C003FAE6E /* BusServiceTableViewCell.swift */; };
		AA91D0FC257649A6003FAE6E /* BusArrival.swift in Sources */ = {isa = PBXBuildFile; fileRef = AA91D0FB257649A6003FAE6E /* BusArrival.swift */; };
		AA91D10825765A10003FAE6E /* BusData.xcdatamodeld in Sources */ = {isa = PBXBuildFile; fileRef = AA91D10625765A10003FAE6E /* BusData.xcdatamodeld */; };
		AAA494F62580A6510073F360 /* PreferenceProvider.swift in Sources */ = {isa = PBXBuildFile; fileRef = AAA494F52580A6510073F360 /* PreferenceProvider.swift */; };
		AAE4909B257CCD690010B483 /* BusServiceAnnotation.swift in Sources */ = {isa = PBXBuildFile; fileRef = AAE4909A257CCD690010B483 /* BusServiceAnnotation.swift */; };
		AAE490B9257CEBCF0010B483 /* UIColor.swift in Sources */ = {isa = PBXBuildFile; fileRef = AAE490B8257CEBCF0010B483 /* UIColor.swift */; };
		AAE490BE257D20080010B483 /* BusSuggestedTableViewCell.swift in Sources */ = {isa = PBXBuildFile; fileRef = AAE490BD257D20080010B483 /* BusSuggestedTableViewCell.swift */; };
		AAE490C9257E07EA0010B483 /* SettingsViewController.swift in Sources */ = {isa = PBXBuildFile; fileRef = AAE490C8257E07EA0010B483 /* SettingsViewController.swift */; };
		AAE49103257E6F020010B483 /* BusService+CoreDataProperties.swift in Sources */ = {isa = PBXBuildFile; fileRef = AAE49100257E6F020010B483 /* BusService+CoreDataProperties.swift */; };
		AAE49104257E6F020010B483 /* BusRoute+CoreDataProperties.swift in Sources */ = {isa = PBXBuildFile; fileRef = AAE49101257E6F020010B483 /* BusRoute+CoreDataProperties.swift */; };
		AAE49105257E6F020010B483 /* BusStop+CoreDataProperties.swift in Sources */ = {isa = PBXBuildFile; fileRef = AAE49102257E6F020010B483 /* BusStop+CoreDataProperties.swift */; };
		AAF4A4F825627D4F00FC51E7 /* AppDelegate.swift in Sources */ = {isa = PBXBuildFile; fileRef = AAF4A4F725627D4F00FC51E7 /* AppDelegate.swift */; };
		AAF4A4FA25627D4F00FC51E7 /* SceneDelegate.swift in Sources */ = {isa = PBXBuildFile; fileRef = AAF4A4F925627D4F00FC51E7 /* SceneDelegate.swift */; };
		AAF4A4FC25627D4F00FC51E7 /* ViewController.swift in Sources */ = {isa = PBXBuildFile; fileRef = AAF4A4FB25627D4F00FC51E7 /* ViewController.swift */; };
		AAF4A50125627D5100FC51E7 /* Assets.xcassets in Resources */ = {isa = PBXBuildFile; fileRef = AAF4A50025627D5100FC51E7 /* Assets.xcassets */; };
		AAF4A50425627D5100FC51E7 /* LaunchScreen.storyboard in Resources */ = {isa = PBXBuildFile; fileRef = AAF4A50225627D5100FC51E7 /* LaunchScreen.storyboard */; };
		AAF4A50F25627D5200FC51E7 /* NavigemTests.swift in Sources */ = {isa = PBXBuildFile; fileRef = AAF4A50E25627D5200FC51E7 /* NavigemTests.swift */; };
		AAF4A51A25627D5200FC51E7 /* NavigemUITests.swift in Sources */ = {isa = PBXBuildFile; fileRef = AAF4A51925627D5200FC51E7 /* NavigemUITests.swift */; };
		AAF4A5342562840500FC51E7 /* MainViewController.swift in Sources */ = {isa = PBXBuildFile; fileRef = AAF4A5332562840500FC51E7 /* MainViewController.swift */; };
		AAF4A53D256284D100FC51E7 /* SheetController.swift in Sources */ = {isa = PBXBuildFile; fileRef = AAF4A53C256284D100FC51E7 /* SheetController.swift */; };
		AAF4A54525628DEF00FC51E7 /* Constants.swift in Sources */ = {isa = PBXBuildFile; fileRef = AAF4A54425628DEF00FC51E7 /* Constants.swift */; };
/* End PBXBuildFile section */

/* Begin PBXContainerItemProxy section */
		AAF4A50B25627D5200FC51E7 /* PBXContainerItemProxy */ = {
			isa = PBXContainerItemProxy;
			containerPortal = AAF4A4EC25627D4F00FC51E7 /* Project object */;
			proxyType = 1;
			remoteGlobalIDString = AAF4A4F325627D4F00FC51E7;
			remoteInfo = Navigem;
		};
		AAF4A51625627D5200FC51E7 /* PBXContainerItemProxy */ = {
			isa = PBXContainerItemProxy;
			containerPortal = AAF4A4EC25627D4F00FC51E7 /* Project object */;
			proxyType = 1;
			remoteGlobalIDString = AAF4A4F325627D4F00FC51E7;
			remoteInfo = Navigem;
		};
/* End PBXContainerItemProxy section */

/* Begin PBXFileReference section */
		AA13B6DB2572127E006FD219 /* HomeSheetController.swift */ = {isa = PBXFileReference; lastKnownFileType = sourcecode.swift; path = HomeSheetController.swift; sourceTree = "<group>"; };
		AA13B6E3257229F2006FD219 /* SheetContentView.swift */ = {isa = PBXFileReference; lastKnownFileType = sourcecode.swift; path = SheetContentView.swift; sourceTree = "<group>"; };
		AA13B6E825722A8A006FD219 /* SheetHeaderView.swift */ = {isa = PBXFileReference; lastKnownFileType = sourcecode.swift; path = SheetHeaderView.swift; sourceTree = "<group>"; };
		AA13B6FB2572571F006FD219 /* ApiProvider.swift */ = {isa = PBXFileReference; lastKnownFileType = sourcecode.swift; path = ApiProvider.swift; sourceTree = "<group>"; };
		AA13B7272573447C006FD219 /* BusStopSheetController.swift */ = {isa = PBXFileReference; lastKnownFileType = sourcecode.swift; path = BusStopSheetController.swift; sourceTree = "<group>"; };
		AA13B72C2573469B006FD219 /* BusServiceSheetController.swift */ = {isa = PBXFileReference; lastKnownFileType = sourcecode.swift; path = BusServiceSheetController.swift; sourceTree = "<group>"; };
		AA13B731257346D6006FD219 /* BusServiceMapper.swift */ = {isa = PBXFileReference; lastKnownFileType = sourcecode.swift; path = BusServiceMapper.swift; sourceTree = "<group>"; };
		AA13B736257346E4006FD219 /* BusStopMapper.swift */ = {isa = PBXFileReference; lastKnownFileType = sourcecode.swift; path = BusStopMapper.swift; sourceTree = "<group>"; };
		AA13B73E257369B9006FD219 /* URL.swift */ = {isa = PBXFileReference; lastKnownFileType = sourcecode.swift; path = URL.swift; sourceTree = "<group>"; };
		AA337D6A2577CECE001453D0 /* BusApiMapper.swift */ = {isa = PBXFileReference; lastKnownFileType = sourcecode.swift; path = BusApiMapper.swift; sourceTree = "<group>"; };
		AA45B6472578BD3D00EBCCE1 /* LocationProvider.swift */ = {isa = PBXFileReference; lastKnownFileType = sourcecode.swift; path = LocationProvider.swift; sourceTree = "<group>"; };
		AA4C6E2A256A541D00DDD32F /* UIViewController.swift */ = {isa = PBXFileReference; lastKnownFileType = sourcecode.swift; path = UIViewController.swift; sourceTree = "<group>"; };
		AA6E97BA257FA5F4004D585A /* EventProvider.swift */ = {isa = PBXFileReference; fileEncoding = 4; lastKnownFileType = sourcecode.swift; path = EventProvider.swift; sourceTree = "<group>"; };
		AA7F4CC1257A81B200A4DD14 /* BusStopTableViewCell.swift */ = {isa = PBXFileReference; lastKnownFileType = sourcecode.swift; path = BusStopTableViewCell.swift; sourceTree = "<group>"; };
		AA7F4CC6257A9D0900A4DD14 /* BusStopAnnotation.swift */ = {isa = PBXFileReference; lastKnownFileType = sourcecode.swift; path = BusStopAnnotation.swift; sourceTree = "<group>"; };
		AA808A8625793DA90060547F /* BusRouteMapper.swift */ = {isa = PBXFileReference; lastKnownFileType = sourcecode.swift; path = BusRouteMapper.swift; sourceTree = "<group>"; };
		AA87B998257F8816002F322D /* LaunchViewController.swift */ = {isa = PBXFileReference; lastKnownFileType = sourcecode.swift; path = LaunchViewController.swift; sourceTree = "<group>"; };
		AA8D078C257B8E6C00BF3E3B /* CLLocationCoordinate2D.swift */ = {isa = PBXFileReference; lastKnownFileType = sourcecode.swift; path = CLLocationCoordinate2D.swift; sourceTree = "<group>"; };
		AA8D0794257BDA2800BF3E3B /* MKMapView.swift */ = {isa = PBXFileReference; lastKnownFileType = sourcecode.swift; path = MKMapView.swift; sourceTree = "<group>"; };
		AA908423257A4012000A9D2B /* BusService+CoreDataClass.swift */ = {isa = PBXFileReference; lastKnownFileType = sourcecode.swift; path = "BusService+CoreDataClass.swift"; sourceTree = "<group>"; };
		AA908425257A4012000A9D2B /* BusRoute+CoreDataClass.swift */ = {isa = PBXFileReference; lastKnownFileType = sourcecode.swift; path = "BusRoute+CoreDataClass.swift"; sourceTree = "<group>"; };
		AA908427257A4012000A9D2B /* BusStop+CoreDataClass.swift */ = {isa = PBXFileReference; lastKnownFileType = sourcecode.swift; path = "BusStop+CoreDataClass.swift"; sourceTree = "<group>"; };
		AA91D0DB25763BCA003FAE6E /* FillView.swift */ = {isa = PBXFileReference; lastKnownFileType = sourcecode.swift; path = FillView.swift; sourceTree = "<group>"; };
		AA91D0F62576416C003FAE6E /* BusServiceTableViewCell.swift */ = {isa = PBXFileReference; lastKnownFileType = sourcecode.swift; path = BusServiceTableViewCell.swift; sourceTree = "<group>"; };
		AA91D0FB257649A6003FAE6E /* BusArrival.swift */ = {isa = PBXFileReference; lastKnownFileType = sourcecode.swift; path = BusArrival.swift; sourceTree = "<group>"; };
		AA91D10725765A10003FAE6E /* BusData.xcdatamodel */ = {isa = PBXFileReference; lastKnownFileType = wrapper.xcdatamodel; path = BusData.xcdatamodel; sourceTree = "<group>"; };
		AAA494F52580A6510073F360 /* PreferenceProvider.swift */ = {isa = PBXFileReference; lastKnownFileType = sourcecode.swift; path = PreferenceProvider.swift; sourceTree = "<group>"; };
		AAC97DA025638B6D002C5640 /* README.md */ = {isa = PBXFileReference; lastKnownFileType = net.daringfireball.markdown; path = README.md; sourceTree = "<group>"; };
		AAE4909A257CCD690010B483 /* BusServiceAnnotation.swift */ = {isa = PBXFileReference; lastKnownFileType = sourcecode.swift; path = BusServiceAnnotation.swift; sourceTree = "<group>"; };
		AAE490B8257CEBCF0010B483 /* UIColor.swift */ = {isa = PBXFileReference; lastKnownFileType = sourcecode.swift; path = UIColor.swift; sourceTree = "<group>"; };
		AAE490BD257D20080010B483 /* BusSuggestedTableViewCell.swift */ = {isa = PBXFileReference; lastKnownFileType = sourcecode.swift; path = BusSuggestedTableViewCell.swift; sourceTree = "<group>"; };
		AAE490C8257E07EA0010B483 /* SettingsViewController.swift */ = {isa = PBXFileReference; lastKnownFileType = sourcecode.swift; path = SettingsViewController.swift; sourceTree = "<group>"; };
		AAE49100257E6F020010B483 /* BusService+CoreDataProperties.swift */ = {isa = PBXFileReference; lastKnownFileType = sourcecode.swift; path = "BusService+CoreDataProperties.swift"; sourceTree = "<group>"; };
		AAE49101257E6F020010B483 /* BusRoute+CoreDataProperties.swift */ = {isa = PBXFileReference; lastKnownFileType = sourcecode.swift; path = "BusRoute+CoreDataProperties.swift"; sourceTree = "<group>"; };
		AAE49102257E6F020010B483 /* BusStop+CoreDataProperties.swift */ = {isa = PBXFileReference; lastKnownFileType = sourcecode.swift; path = "BusStop+CoreDataProperties.swift"; sourceTree = "<group>"; };
		AAF4A4F425627D4F00FC51E7 /* BuSG.app */ = {isa = PBXFileReference; explicitFileType = wrapper.application; includeInIndex = 0; path = BuSG.app; sourceTree = BUILT_PRODUCTS_DIR; };
		AAF4A4F725627D4F00FC51E7 /* AppDelegate.swift */ = {isa = PBXFileReference; lastKnownFileType = sourcecode.swift; path = AppDelegate.swift; sourceTree = "<group>"; };
		AAF4A4F925627D4F00FC51E7 /* SceneDelegate.swift */ = {isa = PBXFileReference; lastKnownFileType = sourcecode.swift; path = SceneDelegate.swift; sourceTree = "<group>"; };
		AAF4A4FB25627D4F00FC51E7 /* ViewController.swift */ = {isa = PBXFileReference; lastKnownFileType = sourcecode.swift; path = ViewController.swift; sourceTree = "<group>"; };
		AAF4A50025627D5100FC51E7 /* Assets.xcassets */ = {isa = PBXFileReference; lastKnownFileType = folder.assetcatalog; path = Assets.xcassets; sourceTree = "<group>"; };
		AAF4A50325627D5100FC51E7 /* Base */ = {isa = PBXFileReference; lastKnownFileType = file.storyboard; name = Base; path = Base.lproj/LaunchScreen.storyboard; sourceTree = "<group>"; };
		AAF4A50525627D5100FC51E7 /* Info.plist */ = {isa = PBXFileReference; lastKnownFileType = text.plist.xml; path = Info.plist; sourceTree = "<group>"; };
		AAF4A50A25627D5200FC51E7 /* BuSGTests.xctest */ = {isa = PBXFileReference; explicitFileType = wrapper.cfbundle; includeInIndex = 0; path = BuSGTests.xctest; sourceTree = BUILT_PRODUCTS_DIR; };
		AAF4A50E25627D5200FC51E7 /* NavigemTests.swift */ = {isa = PBXFileReference; lastKnownFileType = sourcecode.swift; path = NavigemTests.swift; sourceTree = "<group>"; };
		AAF4A51025627D5200FC51E7 /* Info.plist */ = {isa = PBXFileReference; lastKnownFileType = text.plist.xml; path = Info.plist; sourceTree = "<group>"; };
		AAF4A51525627D5200FC51E7 /* BuSGUITests.xctest */ = {isa = PBXFileReference; explicitFileType = wrapper.cfbundle; includeInIndex = 0; path = BuSGUITests.xctest; sourceTree = BUILT_PRODUCTS_DIR; };
		AAF4A51925627D5200FC51E7 /* NavigemUITests.swift */ = {isa = PBXFileReference; lastKnownFileType = sourcecode.swift; path = NavigemUITests.swift; sourceTree = "<group>"; };
		AAF4A51B25627D5200FC51E7 /* Info.plist */ = {isa = PBXFileReference; lastKnownFileType = text.plist.xml; path = Info.plist; sourceTree = "<group>"; };
		AAF4A5332562840500FC51E7 /* MainViewController.swift */ = {isa = PBXFileReference; lastKnownFileType = sourcecode.swift; path = MainViewController.swift; sourceTree = "<group>"; };
		AAF4A53C256284D100FC51E7 /* SheetController.swift */ = {isa = PBXFileReference; lastKnownFileType = sourcecode.swift; path = SheetController.swift; sourceTree = "<group>"; };
		AAF4A54425628DEF00FC51E7 /* Constants.swift */ = {isa = PBXFileReference; lastKnownFileType = sourcecode.swift; path = Constants.swift; sourceTree = "<group>"; };
/* End PBXFileReference section */

/* Begin PBXFrameworksBuildPhase section */
		AAF4A4F125627D4F00FC51E7 /* Frameworks */ = {
			isa = PBXFrameworksBuildPhase;
			buildActionMask = 2147483647;
			files = (
			);
			runOnlyForDeploymentPostprocessing = 0;
		};
		AAF4A50725627D5200FC51E7 /* Frameworks */ = {
			isa = PBXFrameworksBuildPhase;
			buildActionMask = 2147483647;
			files = (
			);
			runOnlyForDeploymentPostprocessing = 0;
		};
		AAF4A51225627D5200FC51E7 /* Frameworks */ = {
			isa = PBXFrameworksBuildPhase;
			buildActionMask = 2147483647;
			files = (
			);
			runOnlyForDeploymentPostprocessing = 0;
		};
/* End PBXFrameworksBuildPhase section */

/* Begin PBXGroup section */
		AA4C6E26256A52B300DDD32F /* Extensions */ = {
			isa = PBXGroup;
			children = (
				AA4C6E2A256A541D00DDD32F /* UIViewController.swift */,
				AA13B73E257369B9006FD219 /* URL.swift */,
				AA8D078C257B8E6C00BF3E3B /* CLLocationCoordinate2D.swift */,
				AA8D0794257BDA2800BF3E3B /* MKMapView.swift */,
				AAE490B8257CEBCF0010B483 /* UIColor.swift */,
			);
			path = Extensions;
			sourceTree = "<group>";
		};
		AA91D105257659DA003FAE6E /* Resources */ = {
			isa = PBXGroup;
			children = (
				AAF4A54425628DEF00FC51E7 /* Constants.swift */,
				AA6E97BA257FA5F4004D585A /* EventProvider.swift */,
				AA13B6FB2572571F006FD219 /* ApiProvider.swift */,
				AA45B6472578BD3D00EBCCE1 /* LocationProvider.swift */,
				AAA494F52580A6510073F360 /* PreferenceProvider.swift */,
			);
			path = Resources;
			sourceTree = "<group>";
		};
		AAE39B5825793A310065CFF5 /* CoreData */ = {
			isa = PBXGroup;
			children = (
				AAE49100257E6F020010B483 /* BusService+CoreDataProperties.swift */,
				AAE49101257E6F020010B483 /* BusRoute+CoreDataProperties.swift */,
				AAE49102257E6F020010B483 /* BusStop+CoreDataProperties.swift */,
				AA908423257A4012000A9D2B /* BusService+CoreDataClass.swift */,
				AA908427257A4012000A9D2B /* BusStop+CoreDataClass.swift */,
				AA908425257A4012000A9D2B /* BusRoute+CoreDataClass.swift */,
				AA91D10625765A10003FAE6E /* BusData.xcdatamodeld */,
			);
			path = CoreData;
			sourceTree = "<group>";
		};
		AAE39B6B25793A4F0065CFF5 /* Mappers */ = {
			isa = PBXGroup;
			children = (
				AA337D6A2577CECE001453D0 /* BusApiMapper.swift */,
				AA13B731257346D6006FD219 /* BusServiceMapper.swift */,
				AA13B736257346E4006FD219 /* BusStopMapper.swift */,
				AA808A8625793DA90060547F /* BusRouteMapper.swift */,
			);
			path = Mappers;
			sourceTree = "<group>";
		};
		AAE490A2257CDA510010B483 /* Data */ = {
			isa = PBXGroup;
			children = (
				AA91D0FB257649A6003FAE6E /* BusArrival.swift */,
			);
			path = Data;
			sourceTree = "<group>";
		};
		AAE490A3257CDA600010B483 /* MapAnnotations */ = {
			isa = PBXGroup;
			children = (
				AA7F4CC6257A9D0900A4DD14 /* BusStopAnnotation.swift */,
				AAE4909A257CCD690010B483 /* BusServiceAnnotation.swift */,
			);
			path = MapAnnotations;
			sourceTree = "<group>";
		};
		AAF4A4EB25627D4F00FC51E7 = {
			isa = PBXGroup;
			children = (
				AAC97DA025638B6D002C5640 /* README.md */,
				AAF4A4F625627D4F00FC51E7 /* BuSG */,
				AAF4A50D25627D5200FC51E7 /* BuSGTests */,
				AAF4A51825627D5200FC51E7 /* BuSGUITests */,
				AAF4A4F525627D4F00FC51E7 /* Products */,
			);
			sourceTree = "<group>";
		};
		AAF4A4F525627D4F00FC51E7 /* Products */ = {
			isa = PBXGroup;
			children = (
				AAF4A4F425627D4F00FC51E7 /* BuSG.app */,
				AAF4A50A25627D5200FC51E7 /* BuSGTests.xctest */,
				AAF4A51525627D5200FC51E7 /* BuSGUITests.xctest */,
			);
			name = Products;
			sourceTree = "<group>";
		};
		AAF4A4F625627D4F00FC51E7 /* BuSG */ = {
			isa = PBXGroup;
			children = (
				AA4C6E26256A52B300DDD32F /* Extensions */,
				AA91D105257659DA003FAE6E /* Resources */,
				AAF4A5312562814D00FC51E7 /* Models */,
				AAF4A5502562A53D00FC51E7 /* Views */,
				AAF4A5302562814700FC51E7 /* Controllers */,
				AAF4A4F725627D4F00FC51E7 /* AppDelegate.swift */,
				AAF4A4F925627D4F00FC51E7 /* SceneDelegate.swift */,
				AAF4A4FB25627D4F00FC51E7 /* ViewController.swift */,
				AAF4A50025627D5100FC51E7 /* Assets.xcassets */,
				AAF4A50225627D5100FC51E7 /* LaunchScreen.storyboard */,
				AAF4A50525627D5100FC51E7 /* Info.plist */,
			);
			path = BuSG;
			sourceTree = "<group>";
		};
		AAF4A50D25627D5200FC51E7 /* BuSGTests */ = {
			isa = PBXGroup;
			children = (
				AAF4A50E25627D5200FC51E7 /* NavigemTests.swift */,
				AAF4A51025627D5200FC51E7 /* Info.plist */,
			);
			path = BuSGTests;
			sourceTree = "<group>";
		};
		AAF4A51825627D5200FC51E7 /* BuSGUITests */ = {
			isa = PBXGroup;
			children = (
				AAF4A51925627D5200FC51E7 /* NavigemUITests.swift */,
				AAF4A51B25627D5200FC51E7 /* Info.plist */,
			);
			path = BuSGUITests;
			sourceTree = "<group>";
		};
		AAF4A5302562814700FC51E7 /* Controllers */ = {
			isa = PBXGroup;
			children = (
				AAF4A53C256284D100FC51E7 /* SheetController.swift */,
				AAE490C8257E07EA0010B483 /* SettingsViewController.swift */,
				AAF4A5332562840500FC51E7 /* MainViewController.swift */,
				AA13B6DB2572127E006FD219 /* HomeSheetController.swift */,
				AA13B7272573447C006FD219 /* BusStopSheetController.swift */,
				AA13B72C2573469B006FD219 /* BusServiceSheetController.swift */,
				AA87B998257F8816002F322D /* LaunchViewController.swift */,
			);
			path = Controllers;
			sourceTree = "<group>";
		};
		AAF4A5312562814D00FC51E7 /* Models */ = {
			isa = PBXGroup;
			children = (
				AAE490A3257CDA600010B483 /* MapAnnotations */,
				AAE39B6B25793A4F0065CFF5 /* Mappers */,
				AAE490A2257CDA510010B483 /* Data */,
				AAE39B5825793A310065CFF5 /* CoreData */,
			);
			path = Models;
			sourceTree = "<group>";
		};
		AAF4A5502562A53D00FC51E7 /* Views */ = {
			isa = PBXGroup;
			children = (
				AA13B6E3257229F2006FD219 /* SheetContentView.swift */,
				AA13B6E825722A8A006FD219 /* SheetHeaderView.swift */,
				AA91D0DB25763BCA003FAE6E /* FillView.swift */,
				AA91D0F62576416C003FAE6E /* BusServiceTableViewCell.swift */,
				AA7F4CC1257A81B200A4DD14 /* BusStopTableViewCell.swift */,
				AAE490BD257D20080010B483 /* BusSuggestedTableViewCell.swift */,
			);
			path = Views;
			sourceTree = "<group>";
		};
/* End PBXGroup section */

/* Begin PBXNativeTarget section */
		AAF4A4F325627D4F00FC51E7 /* BuSG */ = {
			isa = PBXNativeTarget;
			buildConfigurationList = AAF4A51E25627D5200FC51E7 /* Build configuration list for PBXNativeTarget "BuSG" */;
			buildPhases = (
				AAF4A4F025627D4F00FC51E7 /* Sources */,
				AAF4A4F125627D4F00FC51E7 /* Frameworks */,
				AAF4A4F225627D4F00FC51E7 /* Resources */,
			);
			buildRules = (
			);
			dependencies = (
			);
			name = BuSG;
			productName = Navigem;
			productReference = AAF4A4F425627D4F00FC51E7 /* BuSG.app */;
			productType = "com.apple.product-type.application";
		};
		AAF4A50925627D5200FC51E7 /* BuSGTests */ = {
			isa = PBXNativeTarget;
			buildConfigurationList = AAF4A52125627D5200FC51E7 /* Build configuration list for PBXNativeTarget "BuSGTests" */;
			buildPhases = (
				AAF4A50625627D5200FC51E7 /* Sources */,
				AAF4A50725627D5200FC51E7 /* Frameworks */,
				AAF4A50825627D5200FC51E7 /* Resources */,
			);
			buildRules = (
			);
			dependencies = (
				AAF4A50C25627D5200FC51E7 /* PBXTargetDependency */,
			);
			name = BuSGTests;
			productName = NavigemTests;
			productReference = AAF4A50A25627D5200FC51E7 /* BuSGTests.xctest */;
			productType = "com.apple.product-type.bundle.unit-test";
		};
		AAF4A51425627D5200FC51E7 /* BuSGUITests */ = {
			isa = PBXNativeTarget;
			buildConfigurationList = AAF4A52425627D5200FC51E7 /* Build configuration list for PBXNativeTarget "BuSGUITests" */;
			buildPhases = (
				AAF4A51125627D5200FC51E7 /* Sources */,
				AAF4A51225627D5200FC51E7 /* Frameworks */,
				AAF4A51325627D5200FC51E7 /* Resources */,
			);
			buildRules = (
			);
			dependencies = (
				AAF4A51725627D5200FC51E7 /* PBXTargetDependency */,
			);
			name = BuSGUITests;
			productName = NavigemUITests;
			productReference = AAF4A51525627D5200FC51E7 /* BuSGUITests.xctest */;
			productType = "com.apple.product-type.bundle.ui-testing";
		};
/* End PBXNativeTarget section */

/* Begin PBXProject section */
		AAF4A4EC25627D4F00FC51E7 /* Project object */ = {
			isa = PBXProject;
			attributes = {
				LastSwiftUpdateCheck = 1220;
				LastUpgradeCheck = 1220;
				TargetAttributes = {
					AAF4A4F325627D4F00FC51E7 = {
						CreatedOnToolsVersion = 12.2;
					};
					AAF4A50925627D5200FC51E7 = {
						CreatedOnToolsVersion = 12.2;
						TestTargetID = AAF4A4F325627D4F00FC51E7;
					};
					AAF4A51425627D5200FC51E7 = {
						CreatedOnToolsVersion = 12.2;
						TestTargetID = AAF4A4F325627D4F00FC51E7;
					};
				};
			};
			buildConfigurationList = AAF4A4EF25627D4F00FC51E7 /* Build configuration list for PBXProject "BuSG" */;
			compatibilityVersion = "Xcode 9.3";
			developmentRegion = en;
			hasScannedForEncodings = 0;
			knownRegions = (
				en,
				Base,
			);
			mainGroup = AAF4A4EB25627D4F00FC51E7;
			productRefGroup = AAF4A4F525627D4F00FC51E7 /* Products */;
			projectDirPath = "";
			projectRoot = "";
			targets = (
				AAF4A4F325627D4F00FC51E7 /* BuSG */,
				AAF4A50925627D5200FC51E7 /* BuSGTests */,
				AAF4A51425627D5200FC51E7 /* BuSGUITests */,
			);
		};
/* End PBXProject section */

/* Begin PBXResourcesBuildPhase section */
		AAF4A4F225627D4F00FC51E7 /* Resources */ = {
			isa = PBXResourcesBuildPhase;
			buildActionMask = 2147483647;
			files = (
				AAF4A50425627D5100FC51E7 /* LaunchScreen.storyboard in Resources */,
				AAF4A50125627D5100FC51E7 /* Assets.xcassets in Resources */,
			);
			runOnlyForDeploymentPostprocessing = 0;
		};
		AAF4A50825627D5200FC51E7 /* Resources */ = {
			isa = PBXResourcesBuildPhase;
			buildActionMask = 2147483647;
			files = (
			);
			runOnlyForDeploymentPostprocessing = 0;
		};
		AAF4A51325627D5200FC51E7 /* Resources */ = {
			isa = PBXResourcesBuildPhase;
			buildActionMask = 2147483647;
			files = (
			);
			runOnlyForDeploymentPostprocessing = 0;
		};
/* End PBXResourcesBuildPhase section */

/* Begin PBXSourcesBuildPhase section */
		AAF4A4F025627D4F00FC51E7 /* Sources */ = {
			isa = PBXSourcesBuildPhase;
			buildActionMask = 2147483647;
			files = (
				AA908429257A4012000A9D2B /* BusService+CoreDataClass.swift in Sources */,
				AA13B6DC2572127E006FD219 /* HomeSheetController.swift in Sources */,
				AAE490C9257E07EA0010B483 /* SettingsViewController.swift in Sources */,
				AAE49103257E6F020010B483 /* BusService+CoreDataProperties.swift in Sources */,
				AA13B6E925722A8A006FD219 /* SheetHeaderView.swift in Sources */,
				AAE490BE257D20080010B483 /* BusSuggestedTableViewCell.swift in Sources */,
				AAF4A4FC25627D4F00FC51E7 /* ViewController.swift in Sources */,
				AAE4909B257CCD690010B483 /* BusServiceAnnotation.swift in Sources */,
				AAE49105257E6F020010B483 /* BusStop+CoreDataProperties.swift in Sources */,
				AAE49104257E6F020010B483 /* BusRoute+CoreDataProperties.swift in Sources */,
				AA90842B257A4012000A9D2B /* BusRoute+CoreDataClass.swift in Sources */,
				AAF4A4F825627D4F00FC51E7 /* AppDelegate.swift in Sources */,
				AA6E97BB257FA5F4004D585A /* EventProvider.swift in Sources */,
				AA90842D257A4012000A9D2B /* BusStop+CoreDataClass.swift in Sources */,
				AA87B999257F8816002F322D /* LaunchViewController.swift in Sources */,
				AAF4A4FA25627D4F00FC51E7 /* SceneDelegate.swift in Sources */,
				AAF4A53D256284D100FC51E7 /* SheetController.swift in Sources */,
				AA13B73F257369B9006FD219 /* URL.swift in Sources */,
				AA13B6E4257229F2006FD219 /* SheetContentView.swift in Sources */,
				AA7F4CC7257A9D0900A4DD14 /* BusStopAnnotation.swift in Sources */,
				AA13B737257346E4006FD219 /* BusStopMapper.swift in Sources */,
				AA91D0FC257649A6003FAE6E /* BusArrival.swift in Sources */,
				AA7F4CC2257A81B200A4DD14 /* BusStopTableViewCell.swift in Sources */,
				AA13B7282573447C006FD219 /* BusStopSheetController.swift in Sources */,
				AA45B6482578BD3D00EBCCE1 /* LocationProvider.swift in Sources */,
				AA808A8725793DA90060547F /* BusRouteMapper.swift in Sources */,
				AAF4A5342562840500FC51E7 /* MainViewController.swift in Sources */,
				AA13B6FC2572571F006FD219 /* ApiProvider.swift in Sources */,
				AA337D6B2577CECE001453D0 /* BusApiMapper.swift in Sources */,
				AAA494F62580A6510073F360 /* PreferenceProvider.swift in Sources */,
				AA91D0F72576416C003FAE6E /* BusServiceTableViewCell.swift in Sources */,
				AA91D0DC25763BCA003FAE6E /* FillView.swift in Sources */,
				AA4C6E2B256A541D00DDD32F /* UIViewController.swift in Sources */,
				AA8D0795257BDA2800BF3E3B /* MKMapView.swift in Sources */,
				AAE490B9257CEBCF0010B483 /* UIColor.swift in Sources */,
				AA91D10825765A10003FAE6E /* BusData.xcdatamodeld in Sources */,
				AAF4A54525628DEF00FC51E7 /* Constants.swift in Sources */,
				AA8D078D257B8E6C00BF3E3B /* CLLocationCoordinate2D.swift in Sources */,
				AA13B732257346D6006FD219 /* BusServiceMapper.swift in Sources */,
				AA13B72D2573469B006FD219 /* BusServiceSheetController.swift in Sources */,
			);
			runOnlyForDeploymentPostprocessing = 0;
		};
		AAF4A50625627D5200FC51E7 /* Sources */ = {
			isa = PBXSourcesBuildPhase;
			buildActionMask = 2147483647;
			files = (
				AAF4A50F25627D5200FC51E7 /* NavigemTests.swift in Sources */,
			);
			runOnlyForDeploymentPostprocessing = 0;
		};
		AAF4A51125627D5200FC51E7 /* Sources */ = {
			isa = PBXSourcesBuildPhase;
			buildActionMask = 2147483647;
			files = (
				AAF4A51A25627D5200FC51E7 /* NavigemUITests.swift in Sources */,
			);
			runOnlyForDeploymentPostprocessing = 0;
		};
/* End PBXSourcesBuildPhase section */

/* Begin PBXTargetDependency section */
		AAF4A50C25627D5200FC51E7 /* PBXTargetDependency */ = {
			isa = PBXTargetDependency;
			target = AAF4A4F325627D4F00FC51E7 /* BuSG */;
			targetProxy = AAF4A50B25627D5200FC51E7 /* PBXContainerItemProxy */;
		};
		AAF4A51725627D5200FC51E7 /* PBXTargetDependency */ = {
			isa = PBXTargetDependency;
			target = AAF4A4F325627D4F00FC51E7 /* BuSG */;
			targetProxy = AAF4A51625627D5200FC51E7 /* PBXContainerItemProxy */;
		};
/* End PBXTargetDependency section */

/* Begin PBXVariantGroup section */
		AAF4A50225627D5100FC51E7 /* LaunchScreen.storyboard */ = {
			isa = PBXVariantGroup;
			children = (
				AAF4A50325627D5100FC51E7 /* Base */,
			);
			name = LaunchScreen.storyboard;
			sourceTree = "<group>";
		};
/* End PBXVariantGroup section */

/* Begin XCBuildConfiguration section */
		AAF4A51C25627D5200FC51E7 /* Debug */ = {
			isa = XCBuildConfiguration;
			buildSettings = {
				ALWAYS_SEARCH_USER_PATHS = NO;
				CLANG_ANALYZER_NONNULL = YES;
				CLANG_ANALYZER_NUMBER_OBJECT_CONVERSION = YES_AGGRESSIVE;
				CLANG_CXX_LANGUAGE_STANDARD = "gnu++14";
				CLANG_CXX_LIBRARY = "libc++";
				CLANG_ENABLE_MODULES = YES;
				CLANG_ENABLE_OBJC_ARC = YES;
				CLANG_ENABLE_OBJC_WEAK = YES;
				CLANG_WARN_BLOCK_CAPTURE_AUTORELEASING = YES;
				CLANG_WARN_BOOL_CONVERSION = YES;
				CLANG_WARN_COMMA = YES;
				CLANG_WARN_CONSTANT_CONVERSION = YES;
				CLANG_WARN_DEPRECATED_OBJC_IMPLEMENTATIONS = YES;
				CLANG_WARN_DIRECT_OBJC_ISA_USAGE = YES_ERROR;
				CLANG_WARN_DOCUMENTATION_COMMENTS = YES;
				CLANG_WARN_EMPTY_BODY = YES;
				CLANG_WARN_ENUM_CONVERSION = YES;
				CLANG_WARN_INFINITE_RECURSION = YES;
				CLANG_WARN_INT_CONVERSION = YES;
				CLANG_WARN_NON_LITERAL_NULL_CONVERSION = YES;
				CLANG_WARN_OBJC_IMPLICIT_RETAIN_SELF = YES;
				CLANG_WARN_OBJC_LITERAL_CONVERSION = YES;
				CLANG_WARN_OBJC_ROOT_CLASS = YES_ERROR;
				CLANG_WARN_QUOTED_INCLUDE_IN_FRAMEWORK_HEADER = YES;
				CLANG_WARN_RANGE_LOOP_ANALYSIS = YES;
				CLANG_WARN_STRICT_PROTOTYPES = YES;
				CLANG_WARN_SUSPICIOUS_MOVE = YES;
				CLANG_WARN_UNGUARDED_AVAILABILITY = YES_AGGRESSIVE;
				CLANG_WARN_UNREACHABLE_CODE = YES;
				CLANG_WARN__DUPLICATE_METHOD_MATCH = YES;
				COPY_PHASE_STRIP = NO;
				DEBUG_INFORMATION_FORMAT = dwarf;
				ENABLE_STRICT_OBJC_MSGSEND = YES;
				ENABLE_TESTABILITY = YES;
				GCC_C_LANGUAGE_STANDARD = gnu11;
				GCC_DYNAMIC_NO_PIC = NO;
				GCC_NO_COMMON_BLOCKS = YES;
				GCC_OPTIMIZATION_LEVEL = 0;
				GCC_PREPROCESSOR_DEFINITIONS = (
					"DEBUG=1",
					"$(inherited)",
				);
				GCC_WARN_64_TO_32_BIT_CONVERSION = YES;
				GCC_WARN_ABOUT_RETURN_TYPE = YES_ERROR;
				GCC_WARN_UNDECLARED_SELECTOR = YES;
				GCC_WARN_UNINITIALIZED_AUTOS = YES_AGGRESSIVE;
				GCC_WARN_UNUSED_FUNCTION = YES;
				GCC_WARN_UNUSED_VARIABLE = YES;
				IPHONEOS_DEPLOYMENT_TARGET = 14.0;
				MTL_ENABLE_DEBUG_INFO = INCLUDE_SOURCE;
				MTL_FAST_MATH = YES;
				ONLY_ACTIVE_ARCH = YES;
				SDKROOT = iphoneos;
				SWIFT_ACTIVE_COMPILATION_CONDITIONS = DEBUG;
				SWIFT_OPTIMIZATION_LEVEL = "-Onone";
			};
			name = Debug;
		};
		AAF4A51D25627D5200FC51E7 /* Release */ = {
			isa = XCBuildConfiguration;
			buildSettings = {
				ALWAYS_SEARCH_USER_PATHS = NO;
				CLANG_ANALYZER_NONNULL = YES;
				CLANG_ANALYZER_NUMBER_OBJECT_CONVERSION = YES_AGGRESSIVE;
				CLANG_CXX_LANGUAGE_STANDARD = "gnu++14";
				CLANG_CXX_LIBRARY = "libc++";
				CLANG_ENABLE_MODULES = YES;
				CLANG_ENABLE_OBJC_ARC = YES;
				CLANG_ENABLE_OBJC_WEAK = YES;
				CLANG_WARN_BLOCK_CAPTURE_AUTORELEASING = YES;
				CLANG_WARN_BOOL_CONVERSION = YES;
				CLANG_WARN_COMMA = YES;
				CLANG_WARN_CONSTANT_CONVERSION = YES;
				CLANG_WARN_DEPRECATED_OBJC_IMPLEMENTATIONS = YES;
				CLANG_WARN_DIRECT_OBJC_ISA_USAGE = YES_ERROR;
				CLANG_WARN_DOCUMENTATION_COMMENTS = YES;
				CLANG_WARN_EMPTY_BODY = YES;
				CLANG_WARN_ENUM_CONVERSION = YES;
				CLANG_WARN_INFINITE_RECURSION = YES;
				CLANG_WARN_INT_CONVERSION = YES;
				CLANG_WARN_NON_LITERAL_NULL_CONVERSION = YES;
				CLANG_WARN_OBJC_IMPLICIT_RETAIN_SELF = YES;
				CLANG_WARN_OBJC_LITERAL_CONVERSION = YES;
				CLANG_WARN_OBJC_ROOT_CLASS = YES_ERROR;
				CLANG_WARN_QUOTED_INCLUDE_IN_FRAMEWORK_HEADER = YES;
				CLANG_WARN_RANGE_LOOP_ANALYSIS = YES;
				CLANG_WARN_STRICT_PROTOTYPES = YES;
				CLANG_WARN_SUSPICIOUS_MOVE = YES;
				CLANG_WARN_UNGUARDED_AVAILABILITY = YES_AGGRESSIVE;
				CLANG_WARN_UNREACHABLE_CODE = YES;
				CLANG_WARN__DUPLICATE_METHOD_MATCH = YES;
				COPY_PHASE_STRIP = NO;
				DEBUG_INFORMATION_FORMAT = "dwarf-with-dsym";
				ENABLE_NS_ASSERTIONS = NO;
				ENABLE_STRICT_OBJC_MSGSEND = YES;
				GCC_C_LANGUAGE_STANDARD = gnu11;
				GCC_NO_COMMON_BLOCKS = YES;
				GCC_WARN_64_TO_32_BIT_CONVERSION = YES;
				GCC_WARN_ABOUT_RETURN_TYPE = YES_ERROR;
				GCC_WARN_UNDECLARED_SELECTOR = YES;
				GCC_WARN_UNINITIALIZED_AUTOS = YES_AGGRESSIVE;
				GCC_WARN_UNUSED_FUNCTION = YES;
				GCC_WARN_UNUSED_VARIABLE = YES;
				IPHONEOS_DEPLOYMENT_TARGET = 14.0;
				MTL_ENABLE_DEBUG_INFO = NO;
				MTL_FAST_MATH = YES;
				SDKROOT = iphoneos;
				SWIFT_COMPILATION_MODE = wholemodule;
				SWIFT_OPTIMIZATION_LEVEL = "-O";
				VALIDATE_PRODUCT = YES;
			};
			name = Release;
		};
		AAF4A51F25627D5200FC51E7 /* Debug */ = {
			isa = XCBuildConfiguration;
			buildSettings = {
				ASSETCATALOG_COMPILER_APPICON_NAME = AppIcon;
				ASSETCATALOG_COMPILER_GLOBAL_ACCENT_COLOR_NAME = AccentColor;
				CODE_SIGN_IDENTITY = "Apple Development";
				CODE_SIGN_STYLE = Automatic;
				DEVELOPMENT_TEAM = 66HB97DLV4;
				INFOPLIST_FILE = BuSG/Info.plist;
				LD_RUNPATH_SEARCH_PATHS = (
					"$(inherited)",
					"@executable_path/Frameworks",
				);
				PRODUCT_BUNDLE_IDENTIFIER = com.ryanthe.BuSG;
				PRODUCT_NAME = "$(TARGET_NAME)";
				PROVISIONING_PROFILE_SPECIFIER = "";
				SWIFT_VERSION = 5.0;
				TARGETED_DEVICE_FAMILY = "1,2";
			};
			name = Debug;
		};
		AAF4A52025627D5200FC51E7 /* Release */ = {
			isa = XCBuildConfiguration;
			buildSettings = {
				ASSETCATALOG_COMPILER_APPICON_NAME = AppIcon;
				ASSETCATALOG_COMPILER_GLOBAL_ACCENT_COLOR_NAME = AccentColor;
				CODE_SIGN_IDENTITY = "Apple Development";
				CODE_SIGN_STYLE = Automatic;
				DEVELOPMENT_TEAM = 66HB97DLV4;
				INFOPLIST_FILE = BuSG/Info.plist;
				LD_RUNPATH_SEARCH_PATHS = (
					"$(inherited)",
					"@executable_path/Frameworks",
				);
				PRODUCT_BUNDLE_IDENTIFIER = com.ryanthe.BuSG;
				PRODUCT_NAME = "$(TARGET_NAME)";
				PROVISIONING_PROFILE_SPECIFIER = "";
				SWIFT_VERSION = 5.0;
				TARGETED_DEVICE_FAMILY = "1,2";
			};
			name = Release;
		};
		AAF4A52225627D5200FC51E7 /* Debug */ = {
			isa = XCBuildConfiguration;
			buildSettings = {
				ALWAYS_EMBED_SWIFT_STANDARD_LIBRARIES = YES;
				BUNDLE_LOADER = "$(TEST_HOST)";
				CODE_SIGN_STYLE = Automatic;
				INFOPLIST_FILE = NavigemTests/Info.plist;
				IPHONEOS_DEPLOYMENT_TARGET = 14.2;
				LD_RUNPATH_SEARCH_PATHS = (
					"$(inherited)",
					"@executable_path/Frameworks",
					"@loader_path/Frameworks",
				);
				PRODUCT_BUNDLE_IDENTIFIER = com.ryanthe.NavigemTests;
				PRODUCT_NAME = "$(TARGET_NAME)";
				SWIFT_VERSION = 5.0;
				TARGETED_DEVICE_FAMILY = "1,2";
				TEST_HOST = "$(BUILT_PRODUCTS_DIR)/BuSG.app/BuSG";
			};
			name = Debug;
		};
		AAF4A52325627D5200FC51E7 /* Release */ = {
			isa = XCBuildConfiguration;
			buildSettings = {
				ALWAYS_EMBED_SWIFT_STANDARD_LIBRARIES = YES;
				BUNDLE_LOADER = "$(TEST_HOST)";
				CODE_SIGN_STYLE = Automatic;
				INFOPLIST_FILE = NavigemTests/Info.plist;
				IPHONEOS_DEPLOYMENT_TARGET = 14.2;
				LD_RUNPATH_SEARCH_PATHS = (
					"$(inherited)",
					"@executable_path/Frameworks",
					"@loader_path/Frameworks",
				);
				PRODUCT_BUNDLE_IDENTIFIER = com.ryanthe.NavigemTests;
				PRODUCT_NAME = "$(TARGET_NAME)";
				SWIFT_VERSION = 5.0;
				TARGETED_DEVICE_FAMILY = "1,2";
				TEST_HOST = "$(BUILT_PRODUCTS_DIR)/BuSG.app/BuSG";
			};
			name = Release;
		};
		AAF4A52525627D5200FC51E7 /* Debug */ = {
			isa = XCBuildConfiguration;
			buildSettings = {
				ALWAYS_EMBED_SWIFT_STANDARD_LIBRARIES = YES;
				CODE_SIGN_STYLE = Automatic;
				INFOPLIST_FILE = NavigemUITests/Info.plist;
				LD_RUNPATH_SEARCH_PATHS = (
					"$(inherited)",
					"@executable_path/Frameworks",
					"@loader_path/Frameworks",
				);
				PRODUCT_BUNDLE_IDENTIFIER = com.ryanthe.NavigemUITests;
				PRODUCT_NAME = "$(TARGET_NAME)";
				SWIFT_VERSION = 5.0;
				TARGETED_DEVICE_FAMILY = "1,2";
				TEST_TARGET_NAME = Navigem;
			};
			name = Debug;
		};
		AAF4A52625627D5200FC51E7 /* Release */ = {
			isa = XCBuildConfiguration;
			buildSettings = {
				ALWAYS_EMBED_SWIFT_STANDARD_LIBRARIES = YES;
				CODE_SIGN_STYLE = Automatic;
				INFOPLIST_FILE = NavigemUITests/Info.plist;
				LD_RUNPATH_SEARCH_PATHS = (
					"$(inherited)",
					"@executable_path/Frameworks",
					"@loader_path/Frameworks",
				);
				PRODUCT_BUNDLE_IDENTIFIER = com.ryanthe.NavigemUITests;
				PRODUCT_NAME = "$(TARGET_NAME)";
				SWIFT_VERSION = 5.0;
				TARGETED_DEVICE_FAMILY = "1,2";
				TEST_TARGET_NAME = Navigem;
			};
			name = Release;
		};
/* End XCBuildConfiguration section */

/* Begin XCConfigurationList section */
		AAF4A4EF25627D4F00FC51E7 /* Build configuration list for PBXProject "BuSG" */ = {
			isa = XCConfigurationList;
			buildConfigurations = (
				AAF4A51C25627D5200FC51E7 /* Debug */,
				AAF4A51D25627D5200FC51E7 /* Release */,
			);
			defaultConfigurationIsVisible = 0;
			defaultConfigurationName = Release;
		};
		AAF4A51E25627D5200FC51E7 /* Build configuration list for PBXNativeTarget "BuSG" */ = {
			isa = XCConfigurationList;
			buildConfigurations = (
				AAF4A51F25627D5200FC51E7 /* Debug */,
				AAF4A52025627D5200FC51E7 /* Release */,
			);
			defaultConfigurationIsVisible = 0;
			defaultConfigurationName = Release;
		};
		AAF4A52125627D5200FC51E7 /* Build configuration list for PBXNativeTarget "BuSGTests" */ = {
			isa = XCConfigurationList;
			buildConfigurations = (
				AAF4A52225627D5200FC51E7 /* Debug */,
				AAF4A52325627D5200FC51E7 /* Release */,
			);
			defaultConfigurationIsVisible = 0;
			defaultConfigurationName = Release;
		};
		AAF4A52425627D5200FC51E7 /* Build configuration list for PBXNativeTarget "BuSGUITests" */ = {
			isa = XCConfigurationList;
			buildConfigurations = (
				AAF4A52525627D5200FC51E7 /* Debug */,
				AAF4A52625627D5200FC51E7 /* Release */,
			);
			defaultConfigurationIsVisible = 0;
			defaultConfigurationName = Release;
		};
/* End XCConfigurationList section */

/* Begin XCVersionGroup section */
		AA91D10625765A10003FAE6E /* BusData.xcdatamodeld */ = {
			isa = XCVersionGroup;
			children = (
				AA91D10725765A10003FAE6E /* BusData.xcdatamodel */,
			);
			currentVersion = AA91D10725765A10003FAE6E /* BusData.xcdatamodel */;
			path = BusData.xcdatamodeld;
			sourceTree = "<group>";
			versionGroupType = wrapper.xcdatamodel;
		};
/* End XCVersionGroup section */
	};
	rootObject = AAF4A4EC25627D4F00FC51E7 /* Project object */;
}
